
Microsoft Visual Studio Solution File, Format Version 12.00
# Visual Studio Version 16
VisualStudioVersion = 16.0.32228.343
MinimumVisualStudioVersion = 10.0.40219.1
Project("{FAE04EC0-301F-11D3-BF4B-00C04F79EFBC}") = "Shopping Center Project", "Shopping Center Project.csproj", "{7CD5A3D5-73ED-4326-AF88-2B2395CF4625}"
EndProject
Global
	GlobalSection(SolutionConfigurationPlatforms) = preSolution
		Debug|Any CPU = Debug|Any CPU
		Release|Any CPU = Release|Any CPU
	EndGlobalSection
	GlobalSection(ProjectConfigurationPlatforms) = postSolution
		{7CD5A3D5-73ED-4326-AF88-2B2395CF4625}.Debug|Any CPU.ActiveCfg = Debug|Any CPU
		{7CD5A3D5-73ED-4326-AF88-2B2395CF4625}.Debug|Any CPU.Build.0 = Debug|Any CPU
		{7CD5A3D5-73ED-4326-AF88-2B2395CF4625}.Release|Any CPU.ActiveCfg = Release|Any CPU
		{7CD5A3D5-73ED-4326-AF88-2B2395CF4625}.Release|Any CPU.Build.0 = Release|Any CPU
	EndGlobalSection
	GlobalSection(SolutionProperties) = preSolution
		HideSolutionNode = FALSE
	EndGlobalSection
	GlobalSection(ExtensibilityGlobals) = postSolution
		SolutionGuid = {F5BAAB77-5945-47FB-89C9-F14414ADB41F}
	EndGlobalSection
EndGlobal
